
Microsoft Visual Studio Solution File, Format Version 12.00
# Visual Studio 14
VisualStudioVersion = 14.0.25420.1
MinimumVisualStudioVersion = 10.0.40219.1
Project("{FAE04EC0-301F-11D3-BF4B-00C04F79EFBC}") = "HR.WebUI", "HR.WebUI\HR.WebUI.csproj", "{2119DF86-1021-4A59-86E7-1A1CEDB83FB4}"
EndProject
Project("{FAE04EC0-301F-11D3-BF4B-00C04F79EFBC}") = "HR.DAL", "HR.DAL\HR.DAL.csproj", "{2D021556-9CA4-47CF-AF97-8F66B997AE83}"
EndProject
Global
	GlobalSection(SolutionConfigurationPlatforms) = preSolution
		Debug|Any CPU = Debug|Any CPU
		Release|Any CPU = Release|Any CPU
	EndGlobalSection
	GlobalSection(ProjectConfigurationPlatforms) = postSolution
		{2119DF86-1021-4A59-86E7-1A1CEDB83FB4}.Debug|Any CPU.ActiveCfg = Debug|Any CPU
		{2119DF86-1021-4A59-86E7-1A1CEDB83FB4}.Debug|Any CPU.Build.0 = Debug|Any CPU
		{2119DF86-1021-4A59-86E7-1A1CEDB83FB4}.Release|Any CPU.ActiveCfg = Release|Any CPU
		{2119DF86-1021-4A59-86E7-1A1CEDB83FB4}.Release|Any CPU.Build.0 = Release|Any CPU
		{2D021556-9CA4-47CF-AF97-8F66B997AE83}.Debug|Any CPU.ActiveCfg = Debug|Any CPU
		{2D021556-9CA4-47CF-AF97-8F66B997AE83}.Debug|Any CPU.Build.0 = Debug|Any CPU
		{2D021556-9CA4-47CF-AF97-8F66B997AE83}.Release|Any CPU.ActiveCfg = Release|Any CPU
		{2D021556-9CA4-47CF-AF97-8F66B997AE83}.Release|Any CPU.Build.0 = Release|Any CPU
	EndGlobalSection
	GlobalSection(SolutionProperties) = preSolution
		HideSolutionNode = FALSE
	EndGlobalSection
EndGlobal
